// !$*UTF8*$!
{
	archiveVersion = 1;
	classes = {
	};
	objectVersion = 55;
	objects = {

/* Begin PBXBuildFile section */
		B4D9FD6B27BD67A90018DF35 /* AppDelegate.swift in Sources */ = {isa = PBXBuildFile; fileRef = B4D9FD6A27BD67A90018DF35 /* AppDelegate.swift */; };
		B4D9FD6D27BD67A90018DF35 /* SceneDelegate.swift in Sources */ = {isa = PBXBuildFile; fileRef = B4D9FD6C27BD67A90018DF35 /* SceneDelegate.swift */; };
		B4D9FD6F27BD67A90018DF35 /* ViewController.swift in Sources */ = {isa = PBXBuildFile; fileRef = B4D9FD6E27BD67A90018DF35 /* ViewController.swift */; };
		B4D9FD7227BD67A90018DF35 /* Main.storyboard in Resources */ = {isa = PBXBuildFile; fileRef = B4D9FD7027BD67A90018DF35 /* Main.storyboard */; };
		B4D9FD7427BD67AD0018DF35 /* Assets.xcassets in Resources */ = {isa = PBXBuildFile; fileRef = B4D9FD7327BD67AD0018DF35 /* Assets.xcassets */; };
		B4D9FD7727BD67AD0018DF35 /* LaunchScreen.storyboard in Resources */ = {isa = PBXBuildFile; fileRef = B4D9FD7527BD67AD0018DF35 /* LaunchScreen.storyboard */; };
		B4D9FD8027BD68FF0018DF35 /* GoogleService-Info.plist in Resources */ = {isa = PBXBuildFile; fileRef = B4D9FD7F27BD68FF0018DF35 /* GoogleService-Info.plist */; };
		B4D9FD8627BD6E7B0018DF35 /* FirebaseAuth in Frameworks */ = {isa = PBXBuildFile; productRef = B4D9FD8527BD6E7B0018DF35 /* FirebaseAuth */; };
		B4D9FD8827BD6E7B0018DF35 /* FirebaseFirestore in Frameworks */ = {isa = PBXBuildFile; productRef = B4D9FD8727BD6E7B0018DF35 /* FirebaseFirestore */; };
		B4D9FD8B27BD6FB60018DF35 /* RegisterViewController.swift in Sources */ = {isa = PBXBuildFile; fileRef = B4D9FD8A27BD6FB60018DF35 /* RegisterViewController.swift */; };
		B4D9FD8D27BD6FC70018DF35 /* LoginViewController.swift in Sources */ = {isa = PBXBuildFile; fileRef = B4D9FD8C27BD6FC70018DF35 /* LoginViewController.swift */; };
		B4D9FD8F27BD702F0018DF35 /* Constants.swift in Sources */ = {isa = PBXBuildFile; fileRef = B4D9FD8E27BD702F0018DF35 /* Constants.swift */; };
		B4D9FD9127BD70AA0018DF35 /* WelcomeViewController.swift in Sources */ = {isa = PBXBuildFile; fileRef = B4D9FD9027BD70AA0018DF35 /* WelcomeViewController.swift */; };
/* End PBXBuildFile section */

/* Begin PBXFileReference section */
		B4D9FD6727BD67A90018DF35 /* NQb8.app */ = {isa = PBXFileReference; explicitFileType = wrapper.application; includeInIndex = 0; path = NQb8.app; sourceTree = BUILT_PRODUCTS_DIR; };
		B4D9FD6A27BD67A90018DF35 /* AppDelegate.swift */ = {isa = PBXFileReference; lastKnownFileType = sourcecode.swift; path = AppDelegate.swift; sourceTree = "<group>"; };
		B4D9FD6C27BD67A90018DF35 /* SceneDelegate.swift */ = {isa = PBXFileReference; lastKnownFileType = sourcecode.swift; path = SceneDelegate.swift; sourceTree = "<group>"; };
		B4D9FD6E27BD67A90018DF35 /* ViewController.swift */ = {isa = PBXFileReference; lastKnownFileType = sourcecode.swift; path = ViewController.swift; sourceTree = "<group>"; };
		B4D9FD7127BD67A90018DF35 /* Base */ = {isa = PBXFileReference; lastKnownFileType = file.storyboard; name = Base; path = Base.lproj/Main.storyboard; sourceTree = "<group>"; };
		B4D9FD7327BD67AD0018DF35 /* Assets.xcassets */ = {isa = PBXFileReference; lastKnownFileType = folder.assetcatalog; path = Assets.xcassets; sourceTree = "<group>"; };
		B4D9FD7627BD67AD0018DF35 /* Base */ = {isa = PBXFileReference; lastKnownFileType = file.storyboard; name = Base; path = Base.lproj/LaunchScreen.storyboard; sourceTree = "<group>"; };
		B4D9FD7827BD67AD0018DF35 /* Info.plist */ = {isa = PBXFileReference; lastKnownFileType = text.plist.xml; path = Info.plist; sourceTree = "<group>"; };
		B4D9FD7F27BD68FF0018DF35 /* GoogleService-Info.plist */ = {isa = PBXFileReference; fileEncoding = 4; lastKnownFileType = text.plist.xml; path = "GoogleService-Info.plist"; sourceTree = "<group>"; };
		B4D9FD8A27BD6FB60018DF35 /* RegisterViewController.swift */ = {isa = PBXFileReference; lastKnownFileType = sourcecode.swift; path = RegisterViewController.swift; sourceTree = "<group>"; };
		B4D9FD8C27BD6FC70018DF35 /* LoginViewController.swift */ = {isa = PBXFileReference; lastKnownFileType = sourcecode.swift; path = LoginViewController.swift; sourceTree = "<group>"; };
		B4D9FD8E27BD702F0018DF35 /* Constants.swift */ = {isa = PBXFileReference; lastKnownFileType = sourcecode.swift; path = Constants.swift; sourceTree = "<group>"; };
		B4D9FD9027BD70AA0018DF35 /* WelcomeViewController.swift */ = {isa = PBXFileReference; lastKnownFileType = sourcecode.swift; path = WelcomeViewController.swift; sourceTree = "<group>"; };
/* End PBXFileReference section */

/* Begin PBXFrameworksBuildPhase section */
		B4D9FD6427BD67A90018DF35 /* Frameworks */ = {
			isa = PBXFrameworksBuildPhase;
			buildActionMask = 2147483647;
			files = (
				B4D9FD8627BD6E7B0018DF35 /* FirebaseAuth in Frameworks */,
				B4D9FD8827BD6E7B0018DF35 /* FirebaseFirestore in Frameworks */,
			);
			runOnlyForDeploymentPostprocessing = 0;
		};
/* End PBXFrameworksBuildPhase section */

/* Begin PBXGroup section */
		B4D9FD5E27BD67A90018DF35 = {
			isa = PBXGroup;
			children = (
				B4D9FD6927BD67A90018DF35 /* NQb8 */,
				B4D9FD6827BD67A90018DF35 /* Products */,
			);
			sourceTree = "<group>";
		};
		B4D9FD6827BD67A90018DF35 /* Products */ = {
			isa = PBXGroup;
			children = (
				B4D9FD6727BD67A90018DF35 /* NQb8.app */,
			);
			name = Products;
			sourceTree = "<group>";
		};
		B4D9FD6927BD67A90018DF35 /* NQb8 */ = {
			isa = PBXGroup;
			children = (
				B4D9FD7E27BD680E0018DF35 /* Authentication */,
				B4D9FD6A27BD67A90018DF35 /* AppDelegate.swift */,
				B4D9FD6C27BD67A90018DF35 /* SceneDelegate.swift */,
				B4D9FD6E27BD67A90018DF35 /* ViewController.swift */,
				B4D9FD7027BD67A90018DF35 /* Main.storyboard */,
				B4D9FD7327BD67AD0018DF35 /* Assets.xcassets */,
				B4D9FD7527BD67AD0018DF35 /* LaunchScreen.storyboard */,
				B4D9FD7F27BD68FF0018DF35 /* GoogleService-Info.plist */,
				B4D9FD7827BD67AD0018DF35 /* Info.plist */,
			);
			path = NQb8;
			sourceTree = "<group>";
		};
		B4D9FD7E27BD680E0018DF35 /* Authentication */ = {
			isa = PBXGroup;
			children = (
				B4D9FD8927BD6F830018DF35 /* Controllers */,
				B4D9FD8E27BD702F0018DF35 /* Constants.swift */,
			);
			path = Authentication;
			sourceTree = "<group>";
		};
		B4D9FD8927BD6F830018DF35 /* Controllers */ = {
			isa = PBXGroup;
			children = (
				B4D9FD8A27BD6FB60018DF35 /* RegisterViewController.swift */,
				B4D9FD8C27BD6FC70018DF35 /* LoginViewController.swift */,
				B4D9FD9027BD70AA0018DF35 /* WelcomeViewController.swift */,
			);
			path = Controllers;
			sourceTree = "<group>";
		};
/* End PBXGroup section */

/* Begin PBXNativeTarget section */
		B4D9FD6627BD67A90018DF35 /* NQb8 */ = {
			isa = PBXNativeTarget;
			buildConfigurationList = B4D9FD7B27BD67AD0018DF35 /* Build configuration list for PBXNativeTarget "NQb8" */;
			buildPhases = (
				B4D9FD6327BD67A90018DF35 /* Sources */,
				B4D9FD6427BD67A90018DF35 /* Frameworks */,
				B4D9FD6527BD67A90018DF35 /* Resources */,
			);
			buildRules = (
			);
			dependencies = (
			);
			name = NQb8;
			packageProductDependencies = (
				B4D9FD8527BD6E7B0018DF35 /* FirebaseAuth */,
				B4D9FD8727BD6E7B0018DF35 /* FirebaseFirestore */,
			);
			productName = NQb8;
			productReference = B4D9FD6727BD67A90018DF35 /* NQb8.app */;
			productType = "com.apple.product-type.application";
		};
/* End PBXNativeTarget section */

/* Begin PBXProject section */
		B4D9FD5F27BD67A90018DF35 /* Project object */ = {
			isa = PBXProject;
			attributes = {
				BuildIndependentTargetsInParallel = 1;
				LastSwiftUpdateCheck = 1310;
				LastUpgradeCheck = 1310;
				TargetAttributes = {
					B4D9FD6627BD67A90018DF35 = {
						CreatedOnToolsVersion = 13.1;
					};
				};
			};
			buildConfigurationList = B4D9FD6227BD67A90018DF35 /* Build configuration list for PBXProject "NQb8" */;
			compatibilityVersion = "Xcode 13.0";
			developmentRegion = en;
			hasScannedForEncodings = 0;
			knownRegions = (
				en,
				Base,
			);
			mainGroup = B4D9FD5E27BD67A90018DF35;
			packageReferences = (
				B4D9FD8427BD6E7B0018DF35 /* XCRemoteSwiftPackageReference "firebase-ios-sdk" */,
			);
			productRefGroup = B4D9FD6827BD67A90018DF35 /* Products */;
			projectDirPath = "";
			projectRoot = "";
			targets = (
				B4D9FD6627BD67A90018DF35 /* NQb8 */,
			);
		};
/* End PBXProject section */

/* Begin PBXResourcesBuildPhase section */
		B4D9FD6527BD67A90018DF35 /* Resources */ = {
			isa = PBXResourcesBuildPhase;
			buildActionMask = 2147483647;
			files = (
				B4D9FD7727BD67AD0018DF35 /* LaunchScreen.storyboard in Resources */,
				B4D9FD8027BD68FF0018DF35 /* GoogleService-Info.plist in Resources */,
				B4D9FD7427BD67AD0018DF35 /* Assets.xcassets in Resources */,
				B4D9FD7227BD67A90018DF35 /* Main.storyboard in Resources */,
			);
			runOnlyForDeploymentPostprocessing = 0;
		};
/* End PBXResourcesBuildPhase section */

/* Begin PBXSourcesBuildPhase section */
		B4D9FD6327BD67A90018DF35 /* Sources */ = {
			isa = PBXSourcesBuildPhase;
			buildActionMask = 2147483647;
			files = (
				B4D9FD6F27BD67A90018DF35 /* ViewController.swift in Sources */,
				B4D9FD6B27BD67A90018DF35 /* AppDelegate.swift in Sources */,
				B4D9FD6D27BD67A90018DF35 /* SceneDelegate.swift in Sources */,
				B4D9FD8D27BD6FC70018DF35 /* LoginViewController.swift in Sources */,
				B4D9FD8B27BD6FB60018DF35 /* RegisterViewController.swift in Sources */,
				B4D9FD8F27BD702F0018DF35 /* Constants.swift in Sources */,
				B4D9FD9127BD70AA0018DF35 /* WelcomeViewController.swift in Sources */,
			);
			runOnlyForDeploymentPostprocessing = 0;
		};
/* End PBXSourcesBuildPhase section */

/* Begin PBXVariantGroup section */
		B4D9FD7027BD67A90018DF35 /* Main.storyboard */ = {
			isa = PBXVariantGroup;
			children = (
				B4D9FD7127BD67A90018DF35 /* Base */,
			);
			name = Main.storyboard;
			sourceTree = "<group>";
		};
		B4D9FD7527BD67AD0018DF35 /* LaunchScreen.storyboard */ = {
			isa = PBXVariantGroup;
			children = (
				B4D9FD7627BD67AD0018DF35 /* Base */,
			);
			name = LaunchScreen.storyboard;
			sourceTree = "<group>";
		};
/* End PBXVariantGroup section */

/* Begin XCBuildConfiguration section */
		B4D9FD7927BD67AD0018DF35 /* Debug */ = {
			isa = XCBuildConfiguration;
			buildSettings = {
				ALWAYS_SEARCH_USER_PATHS = NO;
				CLANG_ANALYZER_NONNULL = YES;
				CLANG_ANALYZER_NUMBER_OBJECT_CONVERSION = YES_AGGRESSIVE;
				CLANG_CXX_LANGUAGE_STANDARD = "gnu++17";
				CLANG_CXX_LIBRARY = "libc++";
				CLANG_ENABLE_MODULES = YES;
				CLANG_ENABLE_OBJC_ARC = YES;
				CLANG_ENABLE_OBJC_WEAK = YES;
				CLANG_WARN_BLOCK_CAPTURE_AUTORELEASING = YES;
				CLANG_WARN_BOOL_CONVERSION = YES;
				CLANG_WARN_COMMA = YES;
				CLANG_WARN_CONSTANT_CONVERSION = YES;
				CLANG_WARN_DEPRECATED_OBJC_IMPLEMENTATIONS = YES;
				CLANG_WARN_DIRECT_OBJC_ISA_USAGE = YES_ERROR;
				CLANG_WARN_DOCUMENTATION_COMMENTS = YES;
				CLANG_WARN_EMPTY_BODY = YES;
				CLANG_WARN_ENUM_CONVERSION = YES;
				CLANG_WARN_INFINITE_RECURSION = YES;
				CLANG_WARN_INT_CONVERSION = YES;
				CLANG_WARN_NON_LITERAL_NULL_CONVERSION = YES;
				CLANG_WARN_OBJC_IMPLICIT_RETAIN_SELF = YES;
				CLANG_WARN_OBJC_LITERAL_CONVERSION = YES;
				CLANG_WARN_OBJC_ROOT_CLASS = YES_ERROR;
				CLANG_WARN_QUOTED_INCLUDE_IN_FRAMEWORK_HEADER = YES;
				CLANG_WARN_RANGE_LOOP_ANALYSIS = YES;
				CLANG_WARN_STRICT_PROTOTYPES = YES;
				CLANG_WARN_SUSPICIOUS_MOVE = YES;
				CLANG_WARN_UNGUARDED_AVAILABILITY = YES_AGGRESSIVE;
				CLANG_WARN_UNREACHABLE_CODE = YES;
				CLANG_WARN__DUPLICATE_METHOD_MATCH = YES;
				COPY_PHASE_STRIP = NO;
				DEBUG_INFORMATION_FORMAT = dwarf;
				ENABLE_STRICT_OBJC_MSGSEND = YES;
				ENABLE_TESTABILITY = YES;
				GCC_C_LANGUAGE_STANDARD = gnu11;
				GCC_DYNAMIC_NO_PIC = NO;
				GCC_NO_COMMON_BLOCKS = YES;
				GCC_OPTIMIZATION_LEVEL = 0;
				GCC_PREPROCESSOR_DEFINITIONS = (
					"DEBUG=1",
					"$(inherited)",
				);
				GCC_WARN_64_TO_32_BIT_CONVERSION = YES;
				GCC_WARN_ABOUT_RETURN_TYPE = YES_ERROR;
				GCC_WARN_UNDECLARED_SELECTOR = YES;
				GCC_WARN_UNINITIALIZED_AUTOS = YES_AGGRESSIVE;
				GCC_WARN_UNUSED_FUNCTION = YES;
				GCC_WARN_UNUSED_VARIABLE = YES;
				IPHONEOS_DEPLOYMENT_TARGET = 15.0;
				MTL_ENABLE_DEBUG_INFO = INCLUDE_SOURCE;
				MTL_FAST_MATH = YES;
				ONLY_ACTIVE_ARCH = YES;
				SDKROOT = iphoneos;
				SWIFT_ACTIVE_COMPILATION_CONDITIONS = DEBUG;
				SWIFT_OPTIMIZATION_LEVEL = "-Onone";
			};
			name = Debug;
		};
		B4D9FD7A27BD67AD0018DF35 /* Release */ = {
			isa = XCBuildConfiguration;
			buildSettings = {
				ALWAYS_SEARCH_USER_PATHS = NO;
				CLANG_ANALYZER_NONNULL = YES;
				CLANG_ANALYZER_NUMBER_OBJECT_CONVERSION = YES_AGGRESSIVE;
				CLANG_CXX_LANGUAGE_STANDARD = "gnu++17";
				CLANG_CXX_LIBRARY = "libc++";
				CLANG_ENABLE_MODULES = YES;
				CLANG_ENABLE_OBJC_ARC = YES;
				CLANG_ENABLE_OBJC_WEAK = YES;
				CLANG_WARN_BLOCK_CAPTURE_AUTORELEASING = YES;
				CLANG_WARN_BOOL_CONVERSION = YES;
				CLANG_WARN_COMMA = YES;
				CLANG_WARN_CONSTANT_CONVERSION = YES;
				CLANG_WARN_DEPRECATED_OBJC_IMPLEMENTATIONS = YES;
				CLANG_WARN_DIRECT_OBJC_ISA_USAGE = YES_ERROR;
				CLANG_WARN_DOCUMENTATION_COMMENTS = YES;
				CLANG_WARN_EMPTY_BODY = YES;
				CLANG_WARN_ENUM_CONVERSION = YES;
				CLANG_WARN_INFINITE_RECURSION = YES;
				CLANG_WARN_INT_CONVERSION = YES;
				CLANG_WARN_NON_LITERAL_NULL_CONVERSION = YES;
				CLANG_WARN_OBJC_IMPLICIT_RETAIN_SELF = YES;
				CLANG_WARN_OBJC_LITERAL_CONVERSION = YES;
				CLANG_WARN_OBJC_ROOT_CLASS = YES_ERROR;
				CLANG_WARN_QUOTED_INCLUDE_IN_FRAMEWORK_HEADER = YES;
				CLANG_WARN_RANGE_LOOP_ANALYSIS = YES;
				CLANG_WARN_STRICT_PROTOTYPES = YES;
				CLANG_WARN_SUSPICIOUS_MOVE = YES;
				CLANG_WARN_UNGUARDED_AVAILABILITY = YES_AGGRESSIVE;
				CLANG_WARN_UNREACHABLE_CODE = YES;
				CLANG_WARN__DUPLICATE_METHOD_MATCH = YES;
				COPY_PHASE_STRIP = NO;
				DEBUG_INFORMATION_FORMAT = "dwarf-with-dsym";
				ENABLE_NS_ASSERTIONS = NO;
				ENABLE_STRICT_OBJC_MSGSEND = YES;
				GCC_C_LANGUAGE_STANDARD = gnu11;
				GCC_NO_COMMON_BLOCKS = YES;
				GCC_WARN_64_TO_32_BIT_CONVERSION = YES;
				GCC_WARN_ABOUT_RETURN_TYPE = YES_ERROR;
				GCC_WARN_UNDECLARED_SELECTOR = YES;
				GCC_WARN_UNINITIALIZED_AUTOS = YES_AGGRESSIVE;
				GCC_WARN_UNUSED_FUNCTION = YES;
				GCC_WARN_UNUSED_VARIABLE = YES;
				IPHONEOS_DEPLOYMENT_TARGET = 15.0;
				MTL_ENABLE_DEBUG_INFO = NO;
				MTL_FAST_MATH = YES;
				SDKROOT = iphoneos;
				SWIFT_COMPILATION_MODE = wholemodule;
				SWIFT_OPTIMIZATION_LEVEL = "-O";
				VALIDATE_PRODUCT = YES;
			};
			name = Release;
		};
		B4D9FD7C27BD67AD0018DF35 /* Debug */ = {
			isa = XCBuildConfiguration;
			buildSettings = {
				ASSETCATALOG_COMPILER_APPICON_NAME = AppIcon;
				ASSETCATALOG_COMPILER_GLOBAL_ACCENT_COLOR_NAME = AccentColor;
				CODE_SIGN_STYLE = Automatic;
				CURRENT_PROJECT_VERSION = 1;
				DEVELOPMENT_TEAM = 6CJ98NSPAD;
				GENERATE_INFOPLIST_FILE = YES;
				INFOPLIST_FILE = NQb8/Info.plist;
				INFOPLIST_KEY_UIApplicationSupportsIndirectInputEvents = YES;
				INFOPLIST_KEY_UILaunchStoryboardName = LaunchScreen;
				INFOPLIST_KEY_UIMainStoryboardFile = Main;
				INFOPLIST_KEY_UISupportedInterfaceOrientations_iPad = "UIInterfaceOrientationPortrait UIInterfaceOrientationPortraitUpsideDown UIInterfaceOrientationLandscapeLeft UIInterfaceOrientationLandscapeRight";
				INFOPLIST_KEY_UISupportedInterfaceOrientations_iPhone = "UIInterfaceOrientationPortrait UIInterfaceOrientationLandscapeLeft UIInterfaceOrientationLandscapeRight";
				LD_RUNPATH_SEARCH_PATHS = (
					"$(inherited)",
					"@executable_path/Frameworks",
				);
				MARKETING_VERSION = 1.0;
				PRODUCT_BUNDLE_IDENTIFIER = com.macmartins.NQb8;
				PRODUCT_NAME = "$(TARGET_NAME)";
				SWIFT_EMIT_LOC_STRINGS = YES;
				SWIFT_VERSION = 5.0;
				TARGETED_DEVICE_FAMILY = "1,2";
			};
			name = Debug;
		};
		B4D9FD7D27BD67AD0018DF35 /* Release */ = {
			isa = XCBuildConfiguration;
			buildSettings = {
				ASSETCATALOG_COMPILER_APPICON_NAME = AppIcon;
				ASSETCATALOG_COMPILER_GLOBAL_ACCENT_COLOR_NAME = AccentColor;
				CODE_SIGN_STYLE = Automatic;
				CURRENT_PROJECT_VERSION = 1;
				DEVELOPMENT_TEAM = 6CJ98NSPAD;
				GENERATE_INFOPLIST_FILE = YES;
				INFOPLIST_FILE = NQb8/Info.plist;
				INFOPLIST_KEY_UIApplicationSupportsIndirectInputEvents = YES;
				INFOPLIST_KEY_UILaunchStoryboardName = LaunchScreen;
				INFOPLIST_KEY_UIMainStoryboardFile = Main;
				INFOPLIST_KEY_UISupportedInterfaceOrientations_iPad = "UIInterfaceOrientationPortrait UIInterfaceOrientationPortraitUpsideDown UIInterfaceOrientationLandscapeLeft UIInterfaceOrientationLandscapeRight";
				INFOPLIST_KEY_UISupportedInterfaceOrientations_iPhone = "UIInterfaceOrientationPortrait UIInterfaceOrientationLandscapeLeft UIInterfaceOrientationLandscapeRight";
				LD_RUNPATH_SEARCH_PATHS = (
					"$(inherited)",
					"@executable_path/Frameworks",
				);
				MARKETING_VERSION = 1.0;
				PRODUCT_BUNDLE_IDENTIFIER = com.macmartins.NQb8;
				PRODUCT_NAME = "$(TARGET_NAME)";
				SWIFT_EMIT_LOC_STRINGS = YES;
				SWIFT_VERSION = 5.0;
				TARGETED_DEVICE_FAMILY = "1,2";
			};
			name = Release;
		};
/* End XCBuildConfiguration section */

/* Begin XCConfigurationList section */
		B4D9FD6227BD67A90018DF35 /* Build configuration list for PBXProject "NQb8" */ = {
			isa = XCConfigurationList;
			buildConfigurations = (
				B4D9FD7927BD67AD0018DF35 /* Debug */,
				B4D9FD7A27BD67AD0018DF35 /* Release */,
			);
			defaultConfigurationIsVisible = 0;
			defaultConfigurationName = Release;
		};
		B4D9FD7B27BD67AD0018DF35 /* Build configuration list for PBXNativeTarget "NQb8" */ = {
			isa = XCConfigurationList;
			buildConfigurations = (
				B4D9FD7C27BD67AD0018DF35 /* Debug */,
				B4D9FD7D27BD67AD0018DF35 /* Release */,
			);
			defaultConfigurationIsVisible = 0;
			defaultConfigurationName = Release;
		};
/* End XCConfigurationList section */

/* Begin XCRemoteSwiftPackageReference section */
		B4D9FD8427BD6E7B0018DF35 /* XCRemoteSwiftPackageReference "firebase-ios-sdk" */ = {
			isa = XCRemoteSwiftPackageReference;
			repositoryURL = "https://github.com/firebase/firebase-ios-sdk";
			requirement = {
				branch = master;
				kind = branch;
			};
		};
/* End XCRemoteSwiftPackageReference section */

/* Begin XCSwiftPackageProductDependency section */
		B4D9FD8527BD6E7B0018DF35 /* FirebaseAuth */ = {
			isa = XCSwiftPackageProductDependency;
			package = B4D9FD8427BD6E7B0018DF35 /* XCRemoteSwiftPackageReference "firebase-ios-sdk" */;
			productName = FirebaseAuth;
		};
		B4D9FD8727BD6E7B0018DF35 /* FirebaseFirestore */ = {
			isa = XCSwiftPackageProductDependency;
			package = B4D9FD8427BD6E7B0018DF35 /* XCRemoteSwiftPackageReference "firebase-ios-sdk" */;
			productName = FirebaseFirestore;
		};
/* End XCSwiftPackageProductDependency section */
	};
	rootObject = B4D9FD5F27BD67A90018DF35 /* Project object */;
}
